<?xml version="1.0" encoding="utf-8"?>
<Project ToolsVersion="4.0" xmlns="http://schemas.microsoft.com/developer/msbuild/2003">
  <ItemGroup>
    <Filter Include="소스 파일">
      <UniqueIdentifier>{4FC737F1-C7A5-4376-A066-2A32D752A2FF}</UniqueIdentifier>
      <Extensions>cpp;c;cc;cxx;c++;cppm;ixx;def;odl;idl;hpj;bat;asm;asmx</Extensions>
    </Filter>
    <Filter Include="리소스 파일">
      <UniqueIdentifier>{67DA6AB6-F800-4c08-8B7A-83BB121AAD01}</UniqueIdentifier>
      <Extensions>rc;ico;cur;bmp;dlg;rc2;rct;bin;rgs;gif;jpg;jpeg;jpe;resx;tiff;tif;png;wav;mfcribbon-ms</Extensions>
    </Filter>
    <Filter Include="헤더 파일">
      <UniqueIdentifier>{93995380-89BD-4b04-88EB-625FBE52EBFB}</UniqueIdentifier>
      <Extensions>h;hh;hpp;hxx;h++;hm;inl;inc;ipp;xsd</Extensions>
    </Filter>
  </ItemGroup>
  <ItemGroup>
    <ClInclude Include="22.8.9%28변수%29.h">
      <Filter>헤더 파일</Filter>
    </ClInclude>
    <ClInclude Include="22.8.10%28상수%29.h">
      <Filter>헤더 파일</Filter>
    </ClInclude>
    <ClInclude Include="22.8.11%28연산%29.h">
      <Filter>헤더 파일</Filter>
    </ClInclude>
    <ClInclude Include="22.8.12%28조건%29.h">
      <Filter>헤더 파일</Filter>
    </ClInclude>
    <ClInclude Include="22.8.16%28스위치%29.h">
      <Filter>헤더 파일</Filter>
    </ClInclude>
    <ClInclude Include="22.8.17%28반복문%29.h">
      <Filter>헤더 파일</Filter>
    </ClInclude>
    <ClInclude Include="22.8.18%28형 변환%29.h">
      <Filter>헤더 파일</Filter>
    </ClInclude>
    <ClInclude Include="22.8.19%28변수의 주소%29.h">
      <Filter>헤더 파일</Filter>
    </ClInclude>
    <ClInclude Include="22.8.20%28scanf%29.h">
      <Filter>헤더 파일</Filter>
    </ClInclude>
    <ClInclude Include="22.8.22%28배열%29.h">
      <Filter>헤더 파일</Filter>
    </ClInclude>
    <ClInclude Include="22.8.23%28이차원 배열%29.h">
      <Filter>헤더 파일</Filter>
    </ClInclude>
    <ClInclude Include="22.8.24참%28문자열%29.h">
      <Filter>헤더 파일</Filter>
    </ClInclude>
    <ClInclude Include="22.8.29%28동적할당%29.h">
      <Filter>헤더 파일</Filter>
    </ClInclude>
    <ClInclude Include="22.8.30%28추가필요, 재귀함수%29.h">
      <Filter>헤더 파일</Filter>
    </ClInclude>
    <ClInclude Include="22.8.31%28함수 포인터%29.h">
      <Filter>헤더 파일</Filter>
    </ClInclude>
    <ClInclude Include="22.9.1%28포인터 배열%29.h">
      <Filter>헤더 파일</Filter>
    </ClInclude>
    <ClInclude Include="Calculator.h">
      <Filter>헤더 파일</Filter>
    </ClInclude>
    <ClInclude Include="22.9.2(구조체).h">
      <Filter>헤더 파일</Filter>
    </ClInclude>
    <ClInclude Include="22.9.5%28두점사이거리%29.h">
      <Filter>헤더 파일</Filter>
    </ClInclude>
    <ClInclude Include="22.9.13%28가변인수%29.h">
      <Filter>헤더 파일</Filter>
    </ClInclude>
    <ClInclude Include="22.9.15%28파일입출력%29.h">
      <Filter>헤더 파일</Filter>
    </ClInclude>
    <ClInclude Include="22.9.14%28추가필 열거형%29.h">
      <Filter>헤더 파일</Filter>
    </ClInclude>
    <ClInclude Include="22.9.19추가필.h">
      <Filter>헤더 파일</Filter>
    </ClInclude>
    <ClInclude Include="22.9.20(자기참조구조체).h">
      <Filter>헤더 파일</Filter>
    </ClInclude>
    <ClInclude Include="22.9.21(문자열 함수).h">
      <Filter>헤더 파일</Filter>
    </ClInclude>
    <ClInclude Include="22.9.22%28typedef함수%29.h">
      <Filter>헤더 파일</Filter>
    </ClInclude>
    <ClInclude Include="22.9.24(더블 버퍼링).h">
      <Filter>헤더 파일</Filter>
    </ClInclude>
    <ClInclude Include="22.9.26(미로).h">
      <Filter>헤더 파일</Filter>
    </ClInclude>
    <ClInclude Include="게임.h">
      <Filter>헤더 파일</Filter>
    </ClInclude>
    <ClInclude Include="헤더1.h">
      <Filter>헤더 파일</Filter>
    </ClInclude>
    <ClInclude Include="보충수업.h">
      <Filter>헤더 파일</Filter>
    </ClInclude>
    <ClInclude Include="미로게임.h">
      <Filter>헤더 파일</Filter>
    </ClInclude>
  </ItemGroup>
  <ItemGroup>
    <ClCompile Include="소스.c">
      <Filter>소스 파일</Filter>
    </ClCompile>
  </ItemGroup>
  <ItemGroup>
    <None Include="22.8.26추가.h">
      <Filter>헤더 파일</Filter>
    </None>
  </ItemGroup>
</Project>